
Microsoft Visual Studio Solution File, Format Version 12.00
# Visual Studio 14
VisualStudioVersion = 14.0.25123.0
MinimumVisualStudioVersion = 10.0.40219.1
Project("{8BC9CEB8-8B4A-11D0-8D11-00A0C91BC942}") = "SimpleVT", "SimpleVT\SimpleVT.vcxproj", "{60261939-5B70-49BC-933A-4AD0868B0191}"
EndProject
Project("{8BC9CEB8-8B4A-11D0-8D11-00A0C91BC942}") = "SimpleVTGuestTest", "SimpleVTGuestTest\SimpleVTGuestTest.vcxproj", "{6133F1B2-1F69-4760-855F-B33FAB8C8AD1}"
EndProject
Global
	GlobalSection(SolutionConfigurationPlatforms) = preSolution
		Debug|ARM = Debug|ARM
		Debug|ARM64 = Debug|ARM64
		Debug|x64 = Debug|x64
		Debug|x86 = Debug|x86
		Release|ARM = Release|ARM
		Release|ARM64 = Release|ARM64
		Release|x64 = Release|x64
		Release|x86 = Release|x86
	EndGlobalSection
	GlobalSection(ProjectConfigurationPlatforms) = postSolution
		{60261939-5B70-49BC-933A-4AD0868B0191}.Debug|ARM.ActiveCfg = Debug|ARM
		{60261939-5B70-49BC-933A-4AD0868B0191}.Debug|ARM.Build.0 = Debug|ARM
		{60261939-5B70-49BC-933A-4AD0868B0191}.Debug|ARM.Deploy.0 = Debug|ARM
		{60261939-5B70-49BC-933A-4AD0868B0191}.Debug|ARM64.ActiveCfg = Debug|ARM64
		{60261939-5B70-49BC-933A-4AD0868B0191}.Debug|ARM64.Build.0 = Debug|ARM64
		{60261939-5B70-49BC-933A-4AD0868B0191}.Debug|ARM64.Deploy.0 = Debug|ARM64
		{60261939-5B70-49BC-933A-4AD0868B0191}.Debug|x64.ActiveCfg = Debug|x64
		{60261939-5B70-49BC-933A-4AD0868B0191}.Debug|x64.Build.0 = Debug|x64
		{60261939-5B70-49BC-933A-4AD0868B0191}.Debug|x64.Deploy.0 = Debug|x64
		{60261939-5B70-49BC-933A-4AD0868B0191}.Debug|x86.ActiveCfg = Debug|Win32
		{60261939-5B70-49BC-933A-4AD0868B0191}.Debug|x86.Build.0 = Debug|Win32
		{60261939-5B70-49BC-933A-4AD0868B0191}.Debug|x86.Deploy.0 = Debug|Win32
		{60261939-5B70-49BC-933A-4AD0868B0191}.Release|ARM.ActiveCfg = Release|ARM
		{60261939-5B70-49BC-933A-4AD0868B0191}.Release|ARM.Build.0 = Release|ARM
		{60261939-5B70-49BC-933A-4AD0868B0191}.Release|ARM.Deploy.0 = Release|ARM
		{60261939-5B70-49BC-933A-4AD0868B0191}.Release|ARM64.ActiveCfg = Release|ARM64
		{60261939-5B70-49BC-933A-4AD0868B0191}.Release|ARM64.Build.0 = Release|ARM64
		{60261939-5B70-49BC-933A-4AD0868B0191}.Release|ARM64.Deploy.0 = Release|ARM64
		{60261939-5B70-49BC-933A-4AD0868B0191}.Release|x64.ActiveCfg = Release|x64
		{60261939-5B70-49BC-933A-4AD0868B0191}.Release|x64.Build.0 = Release|x64
		{60261939-5B70-49BC-933A-4AD0868B0191}.Release|x64.Deploy.0 = Release|x64
		{60261939-5B70-49BC-933A-4AD0868B0191}.Release|x86.ActiveCfg = Release|Win32
		{60261939-5B70-49BC-933A-4AD0868B0191}.Release|x86.Build.0 = Release|Win32
		{60261939-5B70-49BC-933A-4AD0868B0191}.Release|x86.Deploy.0 = Release|Win32
		{6133F1B2-1F69-4760-855F-B33FAB8C8AD1}.Debug|ARM.ActiveCfg = Debug|Win32
		{6133F1B2-1F69-4760-855F-B33FAB8C8AD1}.Debug|ARM64.ActiveCfg = Debug|Win32
		{6133F1B2-1F69-4760-855F-B33FAB8C8AD1}.Debug|x64.ActiveCfg = Debug|x64
		{6133F1B2-1F69-4760-855F-B33FAB8C8AD1}.Debug|x64.Build.0 = Debug|x64
		{6133F1B2-1F69-4760-855F-B33FAB8C8AD1}.Debug|x86.ActiveCfg = Debug|Win32
		{6133F1B2-1F69-4760-855F-B33FAB8C8AD1}.Debug|x86.Build.0 = Debug|Win32
		{6133F1B2-1F69-4760-855F-B33FAB8C8AD1}.Release|ARM.ActiveCfg = Release|Win32
		{6133F1B2-1F69-4760-855F-B33FAB8C8AD1}.Release|ARM64.ActiveCfg = Release|Win32
		{6133F1B2-1F69-4760-855F-B33FAB8C8AD1}.Release|x64.ActiveCfg = Release|x64
		{6133F1B2-1F69-4760-855F-B33FAB8C8AD1}.Release|x64.Build.0 = Release|x64
		{6133F1B2-1F69-4760-855F-B33FAB8C8AD1}.Release|x86.ActiveCfg = Release|Win32
		{6133F1B2-1F69-4760-855F-B33FAB8C8AD1}.Release|x86.Build.0 = Release|Win32
	EndGlobalSection
	GlobalSection(SolutionProperties) = preSolution
		HideSolutionNode = FALSE
	EndGlobalSection
EndGlobal
